
Microsoft Visual Studio Solution File, Format Version 12.00
# Visual Studio 15
VisualStudioVersion = 15.0.26730.15
MinimumVisualStudioVersion = 10.0.40219.1
Project("{FAE04EC0-301F-11D3-BF4B-00C04F79EFBC}") = "Practica3.Android", "Practica3\Practica3.Android\Practica3.Android.csproj", "{74062BA9-2A64-4403-8A22-B0F16AA78280}"
EndProject
Project("{FAE04EC0-301F-11D3-BF4B-00C04F79EFBC}") = "Practica3", "Practica3\Practica3\Practica3.csproj", "{0B857580-93D1-477E-9EC1-5E39E33FFD41}"
EndProject
Project("{FAE04EC0-301F-11D3-BF4B-00C04F79EFBC}") = "Practica3.UWP", "Practica3\Practica3.UWP\Practica3.UWP.csproj", "{D844CA53-7E61-45E0-AF6B-E8A6E03C2592}"
EndProject
Project("{FAE04EC0-301F-11D3-BF4B-00C04F79EFBC}") = "Practica3.iOS", "Practica3\Practica3.iOS\Practica3.iOS.csproj", "{80E7733D-E68F-4A1F-9F5F-BC9D9EF8B04C}"
EndProject
Global
	GlobalSection(SolutionConfigurationPlatforms) = preSolution
		Ad-Hoc|Any CPU = Ad-Hoc|Any CPU
		Ad-Hoc|ARM = Ad-Hoc|ARM
		Ad-Hoc|iPhone = Ad-Hoc|iPhone
		Ad-Hoc|iPhoneSimulator = Ad-Hoc|iPhoneSimulator
		Ad-Hoc|x64 = Ad-Hoc|x64
		Ad-Hoc|x86 = Ad-Hoc|x86
		AppStore|Any CPU = AppStore|Any CPU
		AppStore|ARM = AppStore|ARM
		AppStore|iPhone = AppStore|iPhone
		AppStore|iPhoneSimulator = AppStore|iPhoneSimulator
		AppStore|x64 = AppStore|x64
		AppStore|x86 = AppStore|x86
		Debug|Any CPU = Debug|Any CPU
		Debug|ARM = Debug|ARM
		Debug|iPhone = Debug|iPhone
		Debug|iPhoneSimulator = Debug|iPhoneSimulator
		Debug|x64 = Debug|x64
		Debug|x86 = Debug|x86
		Release|Any CPU = Release|Any CPU
		Release|ARM = Release|ARM
		Release|iPhone = Release|iPhone
		Release|iPhoneSimulator = Release|iPhoneSimulator
		Release|x64 = Release|x64
		Release|x86 = Release|x86
	EndGlobalSection
	GlobalSection(ProjectConfigurationPlatforms) = postSolution
		{74062BA9-2A64-4403-8A22-B0F16AA78280}.Ad-Hoc|Any CPU.ActiveCfg = Release|Any CPU
		{74062BA9-2A64-4403-8A22-B0F16AA78280}.Ad-Hoc|Any CPU.Build.0 = Release|Any CPU
		{74062BA9-2A64-4403-8A22-B0F16AA78280}.Ad-Hoc|Any CPU.Deploy.0 = Release|Any CPU
		{74062BA9-2A64-4403-8A22-B0F16AA78280}.Ad-Hoc|ARM.ActiveCfg = Release|Any CPU
		{74062BA9-2A64-4403-8A22-B0F16AA78280}.Ad-Hoc|ARM.Build.0 = Release|Any CPU
		{74062BA9-2A64-4403-8A22-B0F16AA78280}.Ad-Hoc|ARM.Deploy.0 = Release|Any CPU
		{74062BA9-2A64-4403-8A22-B0F16AA78280}.Ad-Hoc|iPhone.ActiveCfg = Release|Any CPU
		{74062BA9-2A64-4403-8A22-B0F16AA78280}.Ad-Hoc|iPhone.Build.0 = Release|Any CPU
		{74062BA9-2A64-4403-8A22-B0F16AA78280}.Ad-Hoc|iPhone.Deploy.0 = Release|Any CPU
		{74062BA9-2A64-4403-8A22-B0F16AA78280}.Ad-Hoc|iPhoneSimulator.ActiveCfg = Release|Any CPU
		{74062BA9-2A64-4403-8A22-B0F16AA78280}.Ad-Hoc|iPhoneSimulator.Build.0 = Release|Any CPU
		{74062BA9-2A64-4403-8A22-B0F16AA78280}.Ad-Hoc|iPhoneSimulator.Deploy.0 = Release|Any CPU
		{74062BA9-2A64-4403-8A22-B0F16AA78280}.Ad-Hoc|x64.ActiveCfg = Release|Any CPU
		{74062BA9-2A64-4403-8A22-B0F16AA78280}.Ad-Hoc|x64.Build.0 = Release|Any CPU
		{74062BA9-2A64-4403-8A22-B0F16AA78280}.Ad-Hoc|x64.Deploy.0 = Release|Any CPU
		{74062BA9-2A64-4403-8A22-B0F16AA78280}.Ad-Hoc|x86.ActiveCfg = Release|Any CPU
		{74062BA9-2A64-4403-8A22-B0F16AA78280}.Ad-Hoc|x86.Build.0 = Release|Any CPU
		{74062BA9-2A64-4403-8A22-B0F16AA78280}.Ad-Hoc|x86.Deploy.0 = Release|Any CPU
		{74062BA9-2A64-4403-8A22-B0F16AA78280}.AppStore|Any CPU.ActiveCfg = Release|Any CPU
		{74062BA9-2A64-4403-8A22-B0F16AA78280}.AppStore|Any CPU.Build.0 = Release|Any CPU
		{74062BA9-2A64-4403-8A22-B0F16AA78280}.AppStore|Any CPU.Deploy.0 = Release|Any CPU
		{74062BA9-2A64-4403-8A22-B0F16AA78280}.AppStore|ARM.ActiveCfg = Release|Any CPU
		{74062BA9-2A64-4403-8A22-B0F16AA78280}.AppStore|ARM.Build.0 = Release|Any CPU
		{74062BA9-2A64-4403-8A22-B0F16AA78280}.AppStore|ARM.Deploy.0 = Release|Any CPU
		{74062BA9-2A64-4403-8A22-B0F16AA78280}.AppStore|iPhone.ActiveCfg = Release|Any CPU
		{74062BA9-2A64-4403-8A22-B0F16AA78280}.AppStore|iPhone.Build.0 = Release|Any CPU
		{74062BA9-2A64-4403-8A22-B0F16AA78280}.AppStore|iPhone.Deploy.0 = Release|Any CPU
		{74062BA9-2A64-4403-8A22-B0F16AA78280}.AppStore|iPhoneSimulator.ActiveCfg = Release|Any CPU
		{74062BA9-2A64-4403-8A22-B0F16AA78280}.AppStore|iPhoneSimulator.Build.0 = Release|Any CPU
		{74062BA9-2A64-4403-8A22-B0F16AA78280}.AppStore|iPhoneSimulator.Deploy.0 = Release|Any CPU
		{74062BA9-2A64-4403-8A22-B0F16AA78280}.AppStore|x64.ActiveCfg = Release|Any CPU
		{74062BA9-2A64-4403-8A22-B0F16AA78280}.AppStore|x64.Build.0 = Release|Any CPU
		{74062BA9-2A64-4403-8A22-B0F16AA78280}.AppStore|x64.Deploy.0 = Release|Any CPU
		{74062BA9-2A64-4403-8A22-B0F16AA78280}.AppStore|x86.ActiveCfg = Release|Any CPU
		{74062BA9-2A64-4403-8A22-B0F16AA78280}.AppStore|x86.Build.0 = Release|Any CPU
		{74062BA9-2A64-4403-8A22-B0F16AA78280}.AppStore|x86.Deploy.0 = Release|Any CPU
		{74062BA9-2A64-4403-8A22-B0F16AA78280}.Debug|Any CPU.ActiveCfg = Debug|Any CPU
		{74062BA9-2A64-4403-8A22-B0F16AA78280}.Debug|Any CPU.Build.0 = Debug|Any CPU
		{74062BA9-2A64-4403-8A22-B0F16AA78280}.Debug|Any CPU.Deploy.0 = Debug|Any CPU
		{74062BA9-2A64-4403-8A22-B0F16AA78280}.Debug|ARM.ActiveCfg = Debug|Any CPU
		{74062BA9-2A64-4403-8A22-B0F16AA78280}.Debug|ARM.Build.0 = Debug|Any CPU
		{74062BA9-2A64-4403-8A22-B0F16AA78280}.Debug|ARM.Deploy.0 = Debug|Any CPU
		{74062BA9-2A64-4403-8A22-B0F16AA78280}.Debug|iPhone.ActiveCfg = Debug|Any CPU
		{74062BA9-2A64-4403-8A22-B0F16AA78280}.Debug|iPhone.Build.0 = Debug|Any CPU
		{74062BA9-2A64-4403-8A22-B0F16AA78280}.Debug|iPhone.Deploy.0 = Debug|Any CPU
		{74062BA9-2A64-4403-8A22-B0F16AA78280}.Debug|iPhoneSimulator.ActiveCfg = Debug|Any CPU
		{74062BA9-2A64-4403-8A22-B0F16AA78280}.Debug|iPhoneSimulator.Build.0 = Debug|Any CPU
		{74062BA9-2A64-4403-8A22-B0F16AA78280}.Debug|iPhoneSimulator.Deploy.0 = Debug|Any CPU
		{74062BA9-2A64-4403-8A22-B0F16AA78280}.Debug|x64.ActiveCfg = Debug|Any CPU
		{74062BA9-2A64-4403-8A22-B0F16AA78280}.Debug|x64.Build.0 = Debug|Any CPU
		{74062BA9-2A64-4403-8A22-B0F16AA78280}.Debug|x64.Deploy.0 = Debug|Any CPU
		{74062BA9-2A64-4403-8A22-B0F16AA78280}.Debug|x86.ActiveCfg = Debug|Any CPU
		{74062BA9-2A64-4403-8A22-B0F16AA78280}.Debug|x86.Build.0 = Debug|Any CPU
		{74062BA9-2A64-4403-8A22-B0F16AA78280}.Debug|x86.Deploy.0 = Debug|Any CPU
		{74062BA9-2A64-4403-8A22-B0F16AA78280}.Release|Any CPU.ActiveCfg = Release|Any CPU
		{74062BA9-2A64-4403-8A22-B0F16AA78280}.Release|Any CPU.Build.0 = Release|Any CPU
		{74062BA9-2A64-4403-8A22-B0F16AA78280}.Release|Any CPU.Deploy.0 = Release|Any CPU
		{74062BA9-2A64-4403-8A22-B0F16AA78280}.Release|ARM.ActiveCfg = Release|Any CPU
		{74062BA9-2A64-4403-8A22-B0F16AA78280}.Release|ARM.Build.0 = Release|Any CPU
		{74062BA9-2A64-4403-8A22-B0F16AA78280}.Release|ARM.Deploy.0 = Release|Any CPU
		{74062BA9-2A64-4403-8A22-B0F16AA78280}.Release|iPhone.ActiveCfg = Release|Any CPU
		{74062BA9-2A64-4403-8A22-B0F16AA78280}.Release|iPhone.Build.0 = Release|Any CPU
		{74062BA9-2A64-4403-8A22-B0F16AA78280}.Release|iPhone.Deploy.0 = Release|Any CPU
		{74062BA9-2A64-4403-8A22-B0F16AA78280}.Release|iPhoneSimulator.ActiveCfg = Release|Any CPU
		{74062BA9-2A64-4403-8A22-B0F16AA78280}.Release|iPhoneSimulator.Build.0 = Release|Any CPU
		{74062BA9-2A64-4403-8A22-B0F16AA78280}.Release|iPhoneSimulator.Deploy.0 = Release|Any CPU
		{74062BA9-2A64-4403-8A22-B0F16AA78280}.Release|x64.ActiveCfg = Release|Any CPU
		{74062BA9-2A64-4403-8A22-B0F16AA78280}.Release|x64.Build.0 = Release|Any CPU
		{74062BA9-2A64-4403-8A22-B0F16AA78280}.Release|x64.Deploy.0 = Release|Any CPU
		{74062BA9-2A64-4403-8A22-B0F16AA78280}.Release|x86.ActiveCfg = Release|Any CPU
		{74062BA9-2A64-4403-8A22-B0F16AA78280}.Release|x86.Build.0 = Release|Any CPU
		{74062BA9-2A64-4403-8A22-B0F16AA78280}.Release|x86.Deploy.0 = Release|Any CPU
		{0B857580-93D1-477E-9EC1-5E39E33FFD41}.Ad-Hoc|Any CPU.ActiveCfg = Release|Any CPU
		{0B857580-93D1-477E-9EC1-5E39E33FFD41}.Ad-Hoc|Any CPU.Build.0 = Release|Any CPU
		{0B857580-93D1-477E-9EC1-5E39E33FFD41}.Ad-Hoc|ARM.ActiveCfg = Release|Any CPU
		{0B857580-93D1-477E-9EC1-5E39E33FFD41}.Ad-Hoc|ARM.Build.0 = Release|Any CPU
		{0B857580-93D1-477E-9EC1-5E39E33FFD41}.Ad-Hoc|iPhone.ActiveCfg = Release|Any CPU
		{0B857580-93D1-477E-9EC1-5E39E33FFD41}.Ad-Hoc|iPhone.Build.0 = Release|Any CPU
		{0B857580-93D1-477E-9EC1-5E39E33FFD41}.Ad-Hoc|iPhoneSimulator.ActiveCfg = Release|Any CPU
		{0B857580-93D1-477E-9EC1-5E39E33FFD41}.Ad-Hoc|iPhoneSimulator.Build.0 = Release|Any CPU
		{0B857580-93D1-477E-9EC1-5E39E33FFD41}.Ad-Hoc|x64.ActiveCfg = Release|Any CPU
		{0B857580-93D1-477E-9EC1-5E39E33FFD41}.Ad-Hoc|x64.Build.0 = Release|Any CPU
		{0B857580-93D1-477E-9EC1-5E39E33FFD41}.Ad-Hoc|x86.ActiveCfg = Release|Any CPU
		{0B857580-93D1-477E-9EC1-5E39E33FFD41}.Ad-Hoc|x86.Build.0 = Release|Any CPU
		{0B857580-93D1-477E-9EC1-5E39E33FFD41}.AppStore|Any CPU.ActiveCfg = Release|Any CPU
		{0B857580-93D1-477E-9EC1-5E39E33FFD41}.AppStore|Any CPU.Build.0 = Release|Any CPU
		{0B857580-93D1-477E-9EC1-5E39E33FFD41}.AppStore|ARM.ActiveCfg = Release|Any CPU
		{0B857580-93D1-477E-9EC1-5E39E33FFD41}.AppStore|ARM.Build.0 = Release|Any CPU
		{0B857580-93D1-477E-9EC1-5E39E33FFD41}.AppStore|iPhone.ActiveCfg = Release|Any CPU
		{0B857580-93D1-477E-9EC1-5E39E33FFD41}.AppStore|iPhone.Build.0 = Release|Any CPU
		{0B857580-93D1-477E-9EC1-5E39E33FFD41}.AppStore|iPhoneSimulator.ActiveCfg = Release|Any CPU
		{0B857580-93D1-477E-9EC1-5E39E33FFD41}.AppStore|iPhoneSimulator.Build.0 = Release|Any CPU
		{0B857580-93D1-477E-9EC1-5E39E33FFD41}.AppStore|x64.ActiveCfg = Release|Any CPU
		{0B857580-93D1-477E-9EC1-5E39E33FFD41}.AppStore|x64.Build.0 = Release|Any CPU
		{0B857580-93D1-477E-9EC1-5E39E33FFD41}.AppStore|x86.ActiveCfg = Release|Any CPU
		{0B857580-93D1-477E-9EC1-5E39E33FFD41}.AppStore|x86.Build.0 = Release|Any CPU
		{0B857580-93D1-477E-9EC1-5E39E33FFD41}.Debug|Any CPU.ActiveCfg = Debug|Any CPU
		{0B857580-93D1-477E-9EC1-5E39E33FFD41}.Debug|Any CPU.Build.0 = Debug|Any CPU
		{0B857580-93D1-477E-9EC1-5E39E33FFD41}.Debug|ARM.ActiveCfg = Debug|Any CPU
		{0B857580-93D1-477E-9EC1-5E39E33FFD41}.Debug|ARM.Build.0 = Debug|Any CPU
		{0B857580-93D1-477E-9EC1-5E39E33FFD41}.Debug|iPhone.ActiveCfg = Debug|Any CPU
		{0B857580-93D1-477E-9EC1-5E39E33FFD41}.Debug|iPhone.Build.0 = Debug|Any CPU
		{0B857580-93D1-477E-9EC1-5E39E33FFD41}.Debug|iPhoneSimulator.ActiveCfg = Debug|Any CPU
		{0B857580-93D1-477E-9EC1-5E39E33FFD41}.Debug|iPhoneSimulator.Build.0 = Debug|Any CPU
		{0B857580-93D1-477E-9EC1-5E39E33FFD41}.Debug|x64.ActiveCfg = Debug|Any CPU
		{0B857580-93D1-477E-9EC1-5E39E33FFD41}.Debug|x64.Build.0 = Debug|Any CPU
		{0B857580-93D1-477E-9EC1-5E39E33FFD41}.Debug|x86.ActiveCfg = Debug|Any CPU
		{0B857580-93D1-477E-9EC1-5E39E33FFD41}.Debug|x86.Build.0 = Debug|Any CPU
		{0B857580-93D1-477E-9EC1-5E39E33FFD41}.Release|Any CPU.ActiveCfg = Release|Any CPU
		{0B857580-93D1-477E-9EC1-5E39E33FFD41}.Release|Any CPU.Build.0 = Release|Any CPU
		{0B857580-93D1-477E-9EC1-5E39E33FFD41}.Release|ARM.ActiveCfg = Release|Any CPU
		{0B857580-93D1-477E-9EC1-5E39E33FFD41}.Release|ARM.Build.0 = Release|Any CPU
		{0B857580-93D1-477E-9EC1-5E39E33FFD41}.Release|iPhone.ActiveCfg = Release|Any CPU
		{0B857580-93D1-477E-9EC1-5E39E33FFD41}.Release|iPhone.Build.0 = Release|Any CPU
		{0B857580-93D1-477E-9EC1-5E39E33FFD41}.Release|iPhoneSimulator.ActiveCfg = Release|Any CPU
		{0B857580-93D1-477E-9EC1-5E39E33FFD41}.Release|iPhoneSimulator.Build.0 = Release|Any CPU
		{0B857580-93D1-477E-9EC1-5E39E33FFD41}.Release|x64.ActiveCfg = Release|Any CPU
		{0B857580-93D1-477E-9EC1-5E39E33FFD41}.Release|x64.Build.0 = Release|Any CPU
		{0B857580-93D1-477E-9EC1-5E39E33FFD41}.Release|x86.ActiveCfg = Release|Any CPU
		{0B857580-93D1-477E-9EC1-5E39E33FFD41}.Release|x86.Build.0 = Release|Any CPU
		{D844CA53-7E61-45E0-AF6B-E8A6E03C2592}.Ad-Hoc|Any CPU.ActiveCfg = Release|x86
		{D844CA53-7E61-45E0-AF6B-E8A6E03C2592}.Ad-Hoc|Any CPU.Build.0 = Release|x86
		{D844CA53-7E61-45E0-AF6B-E8A6E03C2592}.Ad-Hoc|Any CPU.Deploy.0 = Release|x86
		{D844CA53-7E61-45E0-AF6B-E8A6E03C2592}.Ad-Hoc|ARM.ActiveCfg = Release|ARM
		{D844CA53-7E61-45E0-AF6B-E8A6E03C2592}.Ad-Hoc|ARM.Build.0 = Release|ARM
		{D844CA53-7E61-45E0-AF6B-E8A6E03C2592}.Ad-Hoc|ARM.Deploy.0 = Release|ARM
		{D844CA53-7E61-45E0-AF6B-E8A6E03C2592}.Ad-Hoc|iPhone.ActiveCfg = Release|x86
		{D844CA53-7E61-45E0-AF6B-E8A6E03C2592}.Ad-Hoc|iPhone.Build.0 = Release|x86
		{D844CA53-7E61-45E0-AF6B-E8A6E03C2592}.Ad-Hoc|iPhone.Deploy.0 = Release|x86
		{D844CA53-7E61-45E0-AF6B-E8A6E03C2592}.Ad-Hoc|iPhoneSimulator.ActiveCfg = Release|x86
		{D844CA53-7E61-45E0-AF6B-E8A6E03C2592}.Ad-Hoc|iPhoneSimulator.Build.0 = Release|x86
		{D844CA53-7E61-45E0-AF6B-E8A6E03C2592}.Ad-Hoc|iPhoneSimulator.Deploy.0 = Release|x86
		{D844CA53-7E61-45E0-AF6B-E8A6E03C2592}.Ad-Hoc|x64.ActiveCfg = Release|x64
		{D844CA53-7E61-45E0-AF6B-E8A6E03C2592}.Ad-Hoc|x64.Build.0 = Release|x64
		{D844CA53-7E61-45E0-AF6B-E8A6E03C2592}.Ad-Hoc|x64.Deploy.0 = Release|x64
		{D844CA53-7E61-45E0-AF6B-E8A6E03C2592}.Ad-Hoc|x86.ActiveCfg = Release|x86
		{D844CA53-7E61-45E0-AF6B-E8A6E03C2592}.Ad-Hoc|x86.Build.0 = Release|x86
		{D844CA53-7E61-45E0-AF6B-E8A6E03C2592}.Ad-Hoc|x86.Deploy.0 = Release|x86
		{D844CA53-7E61-45E0-AF6B-E8A6E03C2592}.AppStore|Any CPU.ActiveCfg = Release|x86
		{D844CA53-7E61-45E0-AF6B-E8A6E03C2592}.AppStore|Any CPU.Build.0 = Release|x86
		{D844CA53-7E61-45E0-AF6B-E8A6E03C2592}.AppStore|Any CPU.Deploy.0 = Release|x86
		{D844CA53-7E61-45E0-AF6B-E8A6E03C2592}.AppStore|ARM.ActiveCfg = Release|ARM
		{D844CA53-7E61-45E0-AF6B-E8A6E03C2592}.AppStore|ARM.Build.0 = Release|ARM
		{D844CA53-7E61-45E0-AF6B-E8A6E03C2592}.AppStore|ARM.Deploy.0 = Release|ARM
		{D844CA53-7E61-45E0-AF6B-E8A6E03C2592}.AppStore|iPhone.ActiveCfg = Release|x86
		{D844CA53-7E61-45E0-AF6B-E8A6E03C2592}.AppStore|iPhone.Build.0 = Release|x86
		{D844CA53-7E61-45E0-AF6B-E8A6E03C2592}.AppStore|iPhone.Deploy.0 = Release|x86
		{D844CA53-7E61-45E0-AF6B-E8A6E03C2592}.AppStore|iPhoneSimulator.ActiveCfg = Release|x86
		{D844CA53-7E61-45E0-AF6B-E8A6E03C2592}.AppStore|iPhoneSimulator.Build.0 = Release|x86
		{D844CA53-7E61-45E0-AF6B-E8A6E03C2592}.AppStore|iPhoneSimulator.Deploy.0 = Release|x86
		{D844CA53-7E61-45E0-AF6B-E8A6E03C2592}.AppStore|x64.ActiveCfg = Release|x64
		{D844CA53-7E61-45E0-AF6B-E8A6E03C2592}.AppStore|x64.Build.0 = Release|x64
		{D844CA53-7E61-45E0-AF6B-E8A6E03C2592}.AppStore|x64.Deploy.0 = Release|x64
		{D844CA53-7E61-45E0-AF6B-E8A6E03C2592}.AppStore|x86.ActiveCfg = Release|x86
		{D844CA53-7E61-45E0-AF6B-E8A6E03C2592}.AppStore|x86.Build.0 = Release|x86
		{D844CA53-7E61-45E0-AF6B-E8A6E03C2592}.AppStore|x86.Deploy.0 = Release|x86
		{D844CA53-7E61-45E0-AF6B-E8A6E03C2592}.Debug|Any CPU.ActiveCfg = Debug|x86
		{D844CA53-7E61-45E0-AF6B-E8A6E03C2592}.Debug|ARM.ActiveCfg = Debug|ARM
		{D844CA53-7E61-45E0-AF6B-E8A6E03C2592}.Debug|ARM.Build.0 = Debug|ARM
		{D844CA53-7E61-45E0-AF6B-E8A6E03C2592}.Debug|ARM.Deploy.0 = Debug|ARM
		{D844CA53-7E61-45E0-AF6B-E8A6E03C2592}.Debug|iPhone.ActiveCfg = Debug|x86
		{D844CA53-7E61-45E0-AF6B-E8A6E03C2592}.Debug|iPhoneSimulator.ActiveCfg = Debug|x86
		{D844CA53-7E61-45E0-AF6B-E8A6E03C2592}.Debug|x64.ActiveCfg = Debug|x64
		{D844CA53-7E61-45E0-AF6B-E8A6E03C2592}.Debug|x64.Build.0 = Debug|x64
		{D844CA53-7E61-45E0-AF6B-E8A6E03C2592}.Debug|x64.Deploy.0 = Debug|x64
		{D844CA53-7E61-45E0-AF6B-E8A6E03C2592}.Debug|x86.ActiveCfg = Debug|x86
		{D844CA53-7E61-45E0-AF6B-E8A6E03C2592}.Debug|x86.Build.0 = Debug|x86
		{D844CA53-7E61-45E0-AF6B-E8A6E03C2592}.Debug|x86.Deploy.0 = Debug|x86
		{D844CA53-7E61-45E0-AF6B-E8A6E03C2592}.Release|Any CPU.ActiveCfg = Release|x86
		{D844CA53-7E61-45E0-AF6B-E8A6E03C2592}.Release|ARM.ActiveCfg = Release|ARM
		{D844CA53-7E61-45E0-AF6B-E8A6E03C2592}.Release|ARM.Build.0 = Release|ARM
		{D844CA53-7E61-45E0-AF6B-E8A6E03C2592}.Release|ARM.Deploy.0 = Release|ARM
		{D844CA53-7E61-45E0-AF6B-E8A6E03C2592}.Release|iPhone.ActiveCfg = Release|x86
		{D844CA53-7E61-45E0-AF6B-E8A6E03C2592}.Release|iPhoneSimulator.ActiveCfg = Release|x86
		{D844CA53-7E61-45E0-AF6B-E8A6E03C2592}.Release|x64.ActiveCfg = Release|x64
		{D844CA53-7E61-45E0-AF6B-E8A6E03C2592}.Release|x64.Build.0 = Release|x64
		{D844CA53-7E61-45E0-AF6B-E8A6E03C2592}.Release|x64.Deploy.0 = Release|x64
		{D844CA53-7E61-45E0-AF6B-E8A6E03C2592}.Release|x86.ActiveCfg = Release|x86
		{D844CA53-7E61-45E0-AF6B-E8A6E03C2592}.Release|x86.Build.0 = Release|x86
		{D844CA53-7E61-45E0-AF6B-E8A6E03C2592}.Release|x86.Deploy.0 = Release|x86
		{80E7733D-E68F-4A1F-9F5F-BC9D9EF8B04C}.Ad-Hoc|Any CPU.ActiveCfg = Ad-Hoc|iPhone
		{80E7733D-E68F-4A1F-9F5F-BC9D9EF8B04C}.Ad-Hoc|ARM.ActiveCfg = Ad-Hoc|iPhone
		{80E7733D-E68F-4A1F-9F5F-BC9D9EF8B04C}.Ad-Hoc|iPhone.ActiveCfg = Ad-Hoc|iPhone
		{80E7733D-E68F-4A1F-9F5F-BC9D9EF8B04C}.Ad-Hoc|iPhone.Build.0 = Ad-Hoc|iPhone
		{80E7733D-E68F-4A1F-9F5F-BC9D9EF8B04C}.Ad-Hoc|iPhoneSimulator.ActiveCfg = Ad-Hoc|iPhoneSimulator
		{80E7733D-E68F-4A1F-9F5F-BC9D9EF8B04C}.Ad-Hoc|iPhoneSimulator.Build.0 = Ad-Hoc|iPhoneSimulator
		{80E7733D-E68F-4A1F-9F5F-BC9D9EF8B04C}.Ad-Hoc|x64.ActiveCfg = Ad-Hoc|iPhone
		{80E7733D-E68F-4A1F-9F5F-BC9D9EF8B04C}.Ad-Hoc|x86.ActiveCfg = Ad-Hoc|iPhone
		{80E7733D-E68F-4A1F-9F5F-BC9D9EF8B04C}.AppStore|Any CPU.ActiveCfg = AppStore|iPhone
		{80E7733D-E68F-4A1F-9F5F-BC9D9EF8B04C}.AppStore|ARM.ActiveCfg = AppStore|iPhone
		{80E7733D-E68F-4A1F-9F5F-BC9D9EF8B04C}.AppStore|iPhone.ActiveCfg = AppStore|iPhone
		{80E7733D-E68F-4A1F-9F5F-BC9D9EF8B04C}.AppStore|iPhone.Build.0 = AppStore|iPhone
		{80E7733D-E68F-4A1F-9F5F-BC9D9EF8B04C}.AppStore|iPhoneSimulator.ActiveCfg = AppStore|iPhoneSimulator
		{80E7733D-E68F-4A1F-9F5F-BC9D9EF8B04C}.AppStore|iPhoneSimulator.Build.0 = AppStore|iPhoneSimulator
		{80E7733D-E68F-4A1F-9F5F-BC9D9EF8B04C}.AppStore|x64.ActiveCfg = AppStore|iPhone
		{80E7733D-E68F-4A1F-9F5F-BC9D9EF8B04C}.AppStore|x86.ActiveCfg = AppStore|iPhone
		{80E7733D-E68F-4A1F-9F5F-BC9D9EF8B04C}.Debug|Any CPU.ActiveCfg = Debug|iPhone
		{80E7733D-E68F-4A1F-9F5F-BC9D9EF8B04C}.Debug|ARM.ActiveCfg = Debug|iPhone
		{80E7733D-E68F-4A1F-9F5F-BC9D9EF8B04C}.Debug|iPhone.ActiveCfg = Debug|iPhone
		{80E7733D-E68F-4A1F-9F5F-BC9D9EF8B04C}.Debug|iPhone.Build.0 = Debug|iPhone
		{80E7733D-E68F-4A1F-9F5F-BC9D9EF8B04C}.Debug|iPhoneSimulator.ActiveCfg = Debug|iPhoneSimulator
		{80E7733D-E68F-4A1F-9F5F-BC9D9EF8B04C}.Debug|iPhoneSimulator.Build.0 = Debug|iPhoneSimulator
		{80E7733D-E68F-4A1F-9F5F-BC9D9EF8B04C}.Debug|x64.ActiveCfg = Debug|iPhone
		{80E7733D-E68F-4A1F-9F5F-BC9D9EF8B04C}.Debug|x86.ActiveCfg = Debug|iPhone
		{80E7733D-E68F-4A1F-9F5F-BC9D9EF8B04C}.Release|Any CPU.ActiveCfg = Release|iPhone
		{80E7733D-E68F-4A1F-9F5F-BC9D9EF8B04C}.Release|ARM.ActiveCfg = Release|iPhone
		{80E7733D-E68F-4A1F-9F5F-BC9D9EF8B04C}.Release|iPhone.ActiveCfg = Release|iPhone
		{80E7733D-E68F-4A1F-9F5F-BC9D9EF8B04C}.Release|iPhone.Build.0 = Release|iPhone
		{80E7733D-E68F-4A1F-9F5F-BC9D9EF8B04C}.Release|iPhoneSimulator.ActiveCfg = Release|iPhoneSimulator
		{80E7733D-E68F-4A1F-9F5F-BC9D9EF8B04C}.Release|iPhoneSimulator.Build.0 = Release|iPhoneSimulator
		{80E7733D-E68F-4A1F-9F5F-BC9D9EF8B04C}.Release|x64.ActiveCfg = Release|iPhone
		{80E7733D-E68F-4A1F-9F5F-BC9D9EF8B04C}.Release|x86.ActiveCfg = Release|iPhone
	EndGlobalSection
	GlobalSection(SolutionProperties) = preSolution
		HideSolutionNode = FALSE
	EndGlobalSection
	GlobalSection(ExtensibilityGlobals) = postSolution
		SolutionGuid = {20874055-8386-4F1D-9B1C-18707D23FBCF}
	EndGlobalSection
EndGlobal
